
Microsoft Visual Studio Solution File, Format Version 12.00
# Visual Studio Version 17
VisualStudioVersion = 17.14.36109.1 d17.14
MinimumVisualStudioVersion = 10.0.40219.1
Project("{FAE04EC0-301F-11D3-BF4B-00C04F79EFBC}") = "projekt6", "projekt6.csproj", "{DAA5A477-C4A7-48A3-87B7-4A71F3A24F0E}"
EndProject
Global
	GlobalSection(SolutionConfigurationPlatforms) = preSolution
		Debug|Any CPU = Debug|Any CPU
		Release|Any CPU = Release|Any CPU
	EndGlobalSection
	GlobalSection(ProjectConfigurationPlatforms) = postSolution
		{DAA5A477-C4A7-48A3-87B7-4A71F3A24F0E}.Debug|Any CPU.ActiveCfg = Debug|Any CPU
		{DAA5A477-C4A7-48A3-87B7-4A71F3A24F0E}.Debug|Any CPU.Build.0 = Debug|Any CPU
		{DAA5A477-C4A7-48A3-87B7-4A71F3A24F0E}.Release|Any CPU.ActiveCfg = Release|Any CPU
		{DAA5A477-C4A7-48A3-87B7-4A71F3A24F0E}.Release|Any CPU.Build.0 = Release|Any CPU
	EndGlobalSection
	GlobalSection(SolutionProperties) = preSolution
		HideSolutionNode = FALSE
	EndGlobalSection
	GlobalSection(ExtensibilityGlobals) = postSolution
		SolutionGuid = {E8BD1600-27A6-4001-8AD1-7D9338B26E84}
	EndGlobalSection
EndGlobal
