
Microsoft Visual Studio Solution File, Format Version 12.00
# Visual Studio Version 17
VisualStudioVersion = 17.14.36109.1 d17.14
MinimumVisualStudioVersion = 10.0.40219.1
Project("{FAE04EC0-301F-11D3-BF4B-00C04F79EFBC}") = "Projekt1", "Projekt1.csproj", "{3BAA0878-E9C4-4227-96E5-15FC35042F09}"
EndProject
Global
	GlobalSection(SolutionConfigurationPlatforms) = preSolution
		Debug|Any CPU = Debug|Any CPU
		Release|Any CPU = Release|Any CPU
	EndGlobalSection
	GlobalSection(ProjectConfigurationPlatforms) = postSolution
		{3BAA0878-E9C4-4227-96E5-15FC35042F09}.Debug|Any CPU.ActiveCfg = Debug|Any CPU
		{3BAA0878-E9C4-4227-96E5-15FC35042F09}.Debug|Any CPU.Build.0 = Debug|Any CPU
		{3BAA0878-E9C4-4227-96E5-15FC35042F09}.Release|Any CPU.ActiveCfg = Release|Any CPU
		{3BAA0878-E9C4-4227-96E5-15FC35042F09}.Release|Any CPU.Build.0 = Release|Any CPU
	EndGlobalSection
	GlobalSection(SolutionProperties) = preSolution
		HideSolutionNode = FALSE
	EndGlobalSection
	GlobalSection(ExtensibilityGlobals) = postSolution
		SolutionGuid = {BF50A84E-64A8-4235-9E66-171B8BEA6273}
	EndGlobalSection
EndGlobal
