
Microsoft Visual Studio Solution File, Format Version 12.00
# Visual Studio Version 17
VisualStudioVersion = 17.14.36109.1 d17.14
MinimumVisualStudioVersion = 10.0.40219.1
Project("{FAE04EC0-301F-11D3-BF4B-00C04F79EFBC}") = "projekt4", "projekt4.csproj", "{C80D82CA-FE71-4839-882C-9D004305582E}"
EndProject
Global
	GlobalSection(SolutionConfigurationPlatforms) = preSolution
		Debug|Any CPU = Debug|Any CPU
		Release|Any CPU = Release|Any CPU
	EndGlobalSection
	GlobalSection(ProjectConfigurationPlatforms) = postSolution
		{C80D82CA-FE71-4839-882C-9D004305582E}.Debug|Any CPU.ActiveCfg = Debug|Any CPU
		{C80D82CA-FE71-4839-882C-9D004305582E}.Debug|Any CPU.Build.0 = Debug|Any CPU
		{C80D82CA-FE71-4839-882C-9D004305582E}.Release|Any CPU.ActiveCfg = Release|Any CPU
		{C80D82CA-FE71-4839-882C-9D004305582E}.Release|Any CPU.Build.0 = Release|Any CPU
	EndGlobalSection
	GlobalSection(SolutionProperties) = preSolution
		HideSolutionNode = FALSE
	EndGlobalSection
	GlobalSection(ExtensibilityGlobals) = postSolution
		SolutionGuid = {0230D810-224D-4AD4-A874-F2B1C3D32BC1}
	EndGlobalSection
EndGlobal
